
Microsoft Visual Studio Solution File, Format Version 12.00
# Visual Studio Version 17
VisualStudioVersion = 17.0.31903.59
MinimumVisualStudioVersion = 10.0.40219.1
Project("{2150E333-8FDC-42A3-9474-1A3956D46DE8}") = "src", "src", "{827E0CD3-B72D-47B6-A68D-7590B98EB39B}"
EndProject
Project("{FAE04EC0-301F-11D3-BF4B-00C04F79EFBC}") = "CommuteCast.Desktop", "src\CommuteCast.Desktop\CommuteCast.Desktop.csproj", "{CD7134A8-F5E5-43D4-A448-A7307A8B3B6F}"
EndProject
Project("{FAE04EC0-301F-11D3-BF4B-00C04F79EFBC}") = "CommuteCast.Core", "src\CommuteCast.Core\CommuteCast.Core.csproj", "{426D4CD5-491F-413A-83BA-A7730F25F527}"
EndProject
Project("{FAE04EC0-301F-11D3-BF4B-00C04F79EFBC}") = "CommuteCast.Infrastructure", "src\CommuteCast.Infrastructure\CommuteCast.Infrastructure.csproj", "{3C2B8418-FE59-4B0C-BC86-886D423058D1}"
EndProject
Project("{2150E333-8FDC-42A3-9474-1A3956D46DE8}") = "tests", "tests", "{0AB3BF05-4346-4AA6-1389-037BE0695223}"
EndProject
Project("{FAE04EC0-301F-11D3-BF4B-00C04F79EFBC}") = "CommuteCast.Tests", "tests\CommuteCast.Tests\CommuteCast.Tests.csproj", "{ADAC3C95-FBA4-4081-839C-1D7891937EC6}"
EndProject
Project("{2150E333-8FDC-42A3-9474-1A3956D46DE8}") = "tools", "tools", "{07C2787E-EAC7-C090-1BA3-A61EC2A24D84}"
EndProject
Project("{FAE04EC0-301F-11D3-BF4B-00C04F79EFBC}") = "CommuteCast.AcceptanceFixtures", "tools\CommuteCast.AcceptanceFixtures\CommuteCast.AcceptanceFixtures.csproj", "{A3BFCC1D-96E1-44CB-BED4-F879B65786CB}"
EndProject
Project("{FAE04EC0-301F-11D3-BF4B-00C04F79EFBC}") = "CommuteCast.Maintenance", "tools\CommuteCast.Maintenance\CommuteCast.Maintenance.csproj", "{5CEED5BC-68B9-4C56-BE5F-316F36DDF67D}"
EndProject
Project("{FAE04EC0-301F-11D3-BF4B-00C04F79EFBC}") = "CommuteCast.Launcher", "tools\CommuteCast.Launcher\CommuteCast.Launcher.csproj", "{027FDFF0-88FD-4242-BD8F-3DEEAB0D9D58}"
EndProject
Project("{FAE04EC0-301F-11D3-BF4B-00C04F79EFBC}") = "CommuteCast.Pilot", "tools\CommuteCast.Pilot\CommuteCast.Pilot.csproj", "{1C6A8624-2500-48CB-B6C5-F360E17897D7}"
EndProject
Global
	GlobalSection(SolutionConfigurationPlatforms) = preSolution
		Debug|Any CPU = Debug|Any CPU
		Debug|x64 = Debug|x64
		Debug|x86 = Debug|x86
		Release|Any CPU = Release|Any CPU
		Release|x64 = Release|x64
		Release|x86 = Release|x86
	EndGlobalSection
	GlobalSection(ProjectConfigurationPlatforms) = postSolution
		{CD7134A8-F5E5-43D4-A448-A7307A8B3B6F}.Debug|Any CPU.ActiveCfg = Debug|Any CPU
		{CD7134A8-F5E5-43D4-A448-A7307A8B3B6F}.Debug|Any CPU.Build.0 = Debug|Any CPU
		{CD7134A8-F5E5-43D4-A448-A7307A8B3B6F}.Debug|x64.ActiveCfg = Debug|Any CPU
		{CD7134A8-F5E5-43D4-A448-A7307A8B3B6F}.Debug|x64.Build.0 = Debug|Any CPU
		{CD7134A8-F5E5-43D4-A448-A7307A8B3B6F}.Debug|x86.ActiveCfg = Debug|Any CPU
		{CD7134A8-F5E5-43D4-A448-A7307A8B3B6F}.Debug|x86.Build.0 = Debug|Any CPU
		{CD7134A8-F5E5-43D4-A448-A7307A8B3B6F}.Release|Any CPU.ActiveCfg = Release|Any CPU
		{CD7134A8-F5E5-43D4-A448-A7307A8B3B6F}.Release|Any CPU.Build.0 = Release|Any CPU
		{CD7134A8-F5E5-43D4-A448-A7307A8B3B6F}.Release|x64.ActiveCfg = Release|Any CPU
		{CD7134A8-F5E5-43D4-A448-A7307A8B3B6F}.Release|x64.Build.0 = Release|Any CPU
		{CD7134A8-F5E5-43D4-A448-A7307A8B3B6F}.Release|x86.ActiveCfg = Release|Any CPU
		{CD7134A8-F5E5-43D4-A448-A7307A8B3B6F}.Release|x86.Build.0 = Release|Any CPU
		{426D4CD5-491F-413A-83BA-A7730F25F527}.Debug|Any CPU.ActiveCfg = Debug|Any CPU
		{426D4CD5-491F-413A-83BA-A7730F25F527}.Debug|Any CPU.Build.0 = Debug|Any CPU
		{426D4CD5-491F-413A-83BA-A7730F25F527}.Debug|x64.ActiveCfg = Debug|Any CPU
		{426D4CD5-491F-413A-83BA-A7730F25F527}.Debug|x64.Build.0 = Debug|Any CPU
		{426D4CD5-491F-413A-83BA-A7730F25F527}.Debug|x86.ActiveCfg = Debug|Any CPU
		{426D4CD5-491F-413A-83BA-A7730F25F527}.Debug|x86.Build.0 = Debug|Any CPU
		{426D4CD5-491F-413A-83BA-A7730F25F527}.Release|Any CPU.ActiveCfg = Release|Any CPU
		{426D4CD5-491F-413A-83BA-A7730F25F527}.Release|Any CPU.Build.0 = Release|Any CPU
		{426D4CD5-491F-413A-83BA-A7730F25F527}.Release|x64.ActiveCfg = Release|Any CPU
		{426D4CD5-491F-413A-83BA-A7730F25F527}.Release|x64.Build.0 = Release|Any CPU
		{426D4CD5-491F-413A-83BA-A7730F25F527}.Release|x86.ActiveCfg = Release|Any CPU
		{426D4CD5-491F-413A-83BA-A7730F25F527}.Release|x86.Build.0 = Release|Any CPU
		{3C2B8418-FE59-4B0C-BC86-886D423058D1}.Debug|Any CPU.ActiveCfg = Debug|Any CPU
		{3C2B8418-FE59-4B0C-BC86-886D423058D1}.Debug|Any CPU.Build.0 = Debug|Any CPU
		{3C2B8418-FE59-4B0C-BC86-886D423058D1}.Debug|x64.ActiveCfg = Debug|Any CPU
		{3C2B8418-FE59-4B0C-BC86-886D423058D1}.Debug|x64.Build.0 = Debug|Any CPU
		{3C2B8418-FE59-4B0C-BC86-886D423058D1}.Debug|x86.ActiveCfg = Debug|Any CPU
		{3C2B8418-FE59-4B0C-BC86-886D423058D1}.Debug|x86.Build.0 = Debug|Any CPU
		{3C2B8418-FE59-4B0C-BC86-886D423058D1}.Release|Any CPU.ActiveCfg = Release|Any CPU
		{3C2B8418-FE59-4B0C-BC86-886D423058D1}.Release|Any CPU.Build.0 = Release|Any CPU
		{3C2B8418-FE59-4B0C-BC86-886D423058D1}.Release|x64.ActiveCfg = Release|Any CPU
		{3C2B8418-FE59-4B0C-BC86-886D423058D1}.Release|x64.Build.0 = Release|Any CPU
		{3C2B8418-FE59-4B0C-BC86-886D423058D1}.Release|x86.ActiveCfg = Release|Any CPU
		{3C2B8418-FE59-4B0C-BC86-886D423058D1}.Release|x86.Build.0 = Release|Any CPU
		{ADAC3C95-FBA4-4081-839C-1D7891937EC6}.Debug|Any CPU.ActiveCfg = Debug|Any CPU
		{ADAC3C95-FBA4-4081-839C-1D7891937EC6}.Debug|Any CPU.Build.0 = Debug|Any CPU
		{ADAC3C95-FBA4-4081-839C-1D7891937EC6}.Debug|x64.ActiveCfg = Debug|Any CPU
		{ADAC3C95-FBA4-4081-839C-1D7891937EC6}.Debug|x64.Build.0 = Debug|Any CPU
		{ADAC3C95-FBA4-4081-839C-1D7891937EC6}.Debug|x86.ActiveCfg = Debug|Any CPU
		{ADAC3C95-FBA4-4081-839C-1D7891937EC6}.Debug|x86.Build.0 = Debug|Any CPU
		{ADAC3C95-FBA4-4081-839C-1D7891937EC6}.Release|Any CPU.ActiveCfg = Release|Any CPU
		{ADAC3C95-FBA4-4081-839C-1D7891937EC6}.Release|Any CPU.Build.0 = Release|Any CPU
		{ADAC3C95-FBA4-4081-839C-1D7891937EC6}.Release|x64.ActiveCfg = Release|Any CPU
		{ADAC3C95-FBA4-4081-839C-1D7891937EC6}.Release|x64.Build.0 = Release|Any CPU
		{ADAC3C95-FBA4-4081-839C-1D7891937EC6}.Release|x86.ActiveCfg = Release|Any CPU
		{ADAC3C95-FBA4-4081-839C-1D7891937EC6}.Release|x86.Build.0 = Release|Any CPU
		{A3BFCC1D-96E1-44CB-BED4-F879B65786CB}.Debug|Any CPU.ActiveCfg = Debug|Any CPU
		{A3BFCC1D-96E1-44CB-BED4-F879B65786CB}.Debug|Any CPU.Build.0 = Debug|Any CPU
		{A3BFCC1D-96E1-44CB-BED4-F879B65786CB}.Debug|x64.ActiveCfg = Debug|Any CPU
		{A3BFCC1D-96E1-44CB-BED4-F879B65786CB}.Debug|x64.Build.0 = Debug|Any CPU
		{A3BFCC1D-96E1-44CB-BED4-F879B65786CB}.Debug|x86.ActiveCfg = Debug|Any CPU
		{A3BFCC1D-96E1-44CB-BED4-F879B65786CB}.Debug|x86.Build.0 = Debug|Any CPU
		{A3BFCC1D-96E1-44CB-BED4-F879B65786CB}.Release|Any CPU.ActiveCfg = Release|Any CPU
		{A3BFCC1D-96E1-44CB-BED4-F879B65786CB}.Release|Any CPU.Build.0 = Release|Any CPU
		{A3BFCC1D-96E1-44CB-BED4-F879B65786CB}.Release|x64.ActiveCfg = Release|Any CPU
		{A3BFCC1D-96E1-44CB-BED4-F879B65786CB}.Release|x64.Build.0 = Release|Any CPU
		{A3BFCC1D-96E1-44CB-BED4-F879B65786CB}.Release|x86.ActiveCfg = Release|Any CPU
		{A3BFCC1D-96E1-44CB-BED4-F879B65786CB}.Release|x86.Build.0 = Release|Any CPU
		{5CEED5BC-68B9-4C56-BE5F-316F36DDF67D}.Debug|Any CPU.ActiveCfg = Debug|Any CPU
		{5CEED5BC-68B9-4C56-BE5F-316F36DDF67D}.Debug|Any CPU.Build.0 = Debug|Any CPU
		{5CEED5BC-68B9-4C56-BE5F-316F36DDF67D}.Debug|x64.ActiveCfg = Debug|Any CPU
		{5CEED5BC-68B9-4C56-BE5F-316F36DDF67D}.Debug|x64.Build.0 = Debug|Any CPU
		{5CEED5BC-68B9-4C56-BE5F-316F36DDF67D}.Debug|x86.ActiveCfg = Debug|Any CPU
		{5CEED5BC-68B9-4C56-BE5F-316F36DDF67D}.Debug|x86.Build.0 = Debug|Any CPU
		{5CEED5BC-68B9-4C56-BE5F-316F36DDF67D}.Release|Any CPU.ActiveCfg = Release|Any CPU
		{5CEED5BC-68B9-4C56-BE5F-316F36DDF67D}.Release|Any CPU.Build.0 = Release|Any CPU
		{5CEED5BC-68B9-4C56-BE5F-316F36DDF67D}.Release|x64.ActiveCfg = Release|Any CPU
		{5CEED5BC-68B9-4C56-BE5F-316F36DDF67D}.Release|x64.Build.0 = Release|Any CPU
		{5CEED5BC-68B9-4C56-BE5F-316F36DDF67D}.Release|x86.ActiveCfg = Release|Any CPU
		{5CEED5BC-68B9-4C56-BE5F-316F36DDF67D}.Release|x86.Build.0 = Release|Any CPU
		{027FDFF0-88FD-4242-BD8F-3DEEAB0D9D58}.Debug|Any CPU.ActiveCfg = Debug|Any CPU
		{027FDFF0-88FD-4242-BD8F-3DEEAB0D9D58}.Debug|Any CPU.Build.0 = Debug|Any CPU
		{027FDFF0-88FD-4242-BD8F-3DEEAB0D9D58}.Debug|x64.ActiveCfg = Debug|Any CPU
		{027FDFF0-88FD-4242-BD8F-3DEEAB0D9D58}.Debug|x64.Build.0 = Debug|Any CPU
		{027FDFF0-88FD-4242-BD8F-3DEEAB0D9D58}.Debug|x86.ActiveCfg = Debug|Any CPU
		{027FDFF0-88FD-4242-BD8F-3DEEAB0D9D58}.Debug|x86.Build.0 = Debug|Any CPU
		{027FDFF0-88FD-4242-BD8F-3DEEAB0D9D58}.Release|Any CPU.ActiveCfg = Release|Any CPU
		{027FDFF0-88FD-4242-BD8F-3DEEAB0D9D58}.Release|Any CPU.Build.0 = Release|Any CPU
		{027FDFF0-88FD-4242-BD8F-3DEEAB0D9D58}.Release|x64.ActiveCfg = Release|Any CPU
		{027FDFF0-88FD-4242-BD8F-3DEEAB0D9D58}.Release|x64.Build.0 = Release|Any CPU
		{027FDFF0-88FD-4242-BD8F-3DEEAB0D9D58}.Release|x86.ActiveCfg = Release|Any CPU
		{027FDFF0-88FD-4242-BD8F-3DEEAB0D9D58}.Release|x86.Build.0 = Release|Any CPU
		{1C6A8624-2500-48CB-B6C5-F360E17897D7}.Debug|Any CPU.ActiveCfg = Debug|Any CPU
		{1C6A8624-2500-48CB-B6C5-F360E17897D7}.Debug|Any CPU.Build.0 = Debug|Any CPU
		{1C6A8624-2500-48CB-B6C5-F360E17897D7}.Debug|x64.ActiveCfg = Debug|Any CPU
		{1C6A8624-2500-48CB-B6C5-F360E17897D7}.Debug|x64.Build.0 = Debug|Any CPU
		{1C6A8624-2500-48CB-B6C5-F360E17897D7}.Debug|x86.ActiveCfg = Debug|Any CPU
		{1C6A8624-2500-48CB-B6C5-F360E17897D7}.Debug|x86.Build.0 = Debug|Any CPU
		{1C6A8624-2500-48CB-B6C5-F360E17897D7}.Release|Any CPU.ActiveCfg = Release|Any CPU
		{1C6A8624-2500-48CB-B6C5-F360E17897D7}.Release|Any CPU.Build.0 = Release|Any CPU
		{1C6A8624-2500-48CB-B6C5-F360E17897D7}.Release|x64.ActiveCfg = Release|Any CPU
		{1C6A8624-2500-48CB-B6C5-F360E17897D7}.Release|x64.Build.0 = Release|Any CPU
		{1C6A8624-2500-48CB-B6C5-F360E17897D7}.Release|x86.ActiveCfg = Release|Any CPU
		{1C6A8624-2500-48CB-B6C5-F360E17897D7}.Release|x86.Build.0 = Release|Any CPU
	EndGlobalSection
	GlobalSection(SolutionProperties) = preSolution
		HideSolutionNode = FALSE
	EndGlobalSection
	GlobalSection(NestedProjects) = preSolution
		{CD7134A8-F5E5-43D4-A448-A7307A8B3B6F} = {827E0CD3-B72D-47B6-A68D-7590B98EB39B}
		{426D4CD5-491F-413A-83BA-A7730F25F527} = {827E0CD3-B72D-47B6-A68D-7590B98EB39B}
		{3C2B8418-FE59-4B0C-BC86-886D423058D1} = {827E0CD3-B72D-47B6-A68D-7590B98EB39B}
		{ADAC3C95-FBA4-4081-839C-1D7891937EC6} = {0AB3BF05-4346-4AA6-1389-037BE0695223}
		{A3BFCC1D-96E1-44CB-BED4-F879B65786CB} = {07C2787E-EAC7-C090-1BA3-A61EC2A24D84}
		{5CEED5BC-68B9-4C56-BE5F-316F36DDF67D} = {07C2787E-EAC7-C090-1BA3-A61EC2A24D84}
		{027FDFF0-88FD-4242-BD8F-3DEEAB0D9D58} = {07C2787E-EAC7-C090-1BA3-A61EC2A24D84}
		{1C6A8624-2500-48CB-B6C5-F360E17897D7} = {07C2787E-EAC7-C090-1BA3-A61EC2A24D84}
	EndGlobalSection
EndGlobal
